
Microsoft Visual Studio Solution File, Format Version 12.00
# Visual Studio Version 17
VisualStudioVersion = 17.3.32825.248
MinimumVisualStudioVersion = 10.0.40219.1
Project("{9A19103F-16F7-4668-BE54-9A1E7A4F7556}") = "AppCore", "AppCore\AppCore.csproj", "{C93E57C3-D0EC-46ED-A674-E52BD5FCA007}"
EndProject
Project("{9A19103F-16F7-4668-BE54-9A1E7A4F7556}") = "AppRepository", "AppRepository\AppRepository.csproj", "{04D5BC98-3285-4E99-B5EF-62E3290A7AF3}"
EndProject
Project("{9A19103F-16F7-4668-BE54-9A1E7A4F7556}") = "AppService", "AppService\AppService.csproj", "{C6CBA621-9746-42A5-ADC9-56F8C52E7B29}"
EndProject
Project("{9A19103F-16F7-4668-BE54-9A1E7A4F7556}") = "Test", "Test\Test.csproj", "{F6850534-8158-4223-A308-216771E5B314}"
EndProject
Project("{9A19103F-16F7-4668-BE54-9A1E7A4F7556}") = "KimLienAPI", "KimLienAPI\KimLienAPI.csproj", "{3F520E7F-BC34-4A4E-BA06-FD2D051C03CD}"
EndProject
Project("{9A19103F-16F7-4668-BE54-9A1E7A4F7556}") = "KimLienCustomerView", "KimLienCustomerView\KimLienCustomerView.csproj", "{B8681758-9A29-412F-A5A1-8FD4FB6A4AA4}"
EndProject
Project("{9A19103F-16F7-4668-BE54-9A1E7A4F7556}") = "KimLienAdministrator", "KimLienAdministrator\KimLienAdministrator.csproj", "{04DCC8D9-8507-4239-8A00-1C040EF9813F}"
EndProject
Global
	GlobalSection(SolutionConfigurationPlatforms) = preSolution
		Debug|Any CPU = Debug|Any CPU
		Release|Any CPU = Release|Any CPU
	EndGlobalSection
	GlobalSection(ProjectConfigurationPlatforms) = postSolution
		{C93E57C3-D0EC-46ED-A674-E52BD5FCA007}.Debug|Any CPU.ActiveCfg = Debug|Any CPU
		{C93E57C3-D0EC-46ED-A674-E52BD5FCA007}.Debug|Any CPU.Build.0 = Debug|Any CPU
		{C93E57C3-D0EC-46ED-A674-E52BD5FCA007}.Release|Any CPU.ActiveCfg = Release|Any CPU
		{C93E57C3-D0EC-46ED-A674-E52BD5FCA007}.Release|Any CPU.Build.0 = Release|Any CPU
		{04D5BC98-3285-4E99-B5EF-62E3290A7AF3}.Debug|Any CPU.ActiveCfg = Debug|Any CPU
		{04D5BC98-3285-4E99-B5EF-62E3290A7AF3}.Debug|Any CPU.Build.0 = Debug|Any CPU
		{04D5BC98-3285-4E99-B5EF-62E3290A7AF3}.Release|Any CPU.ActiveCfg = Release|Any CPU
		{04D5BC98-3285-4E99-B5EF-62E3290A7AF3}.Release|Any CPU.Build.0 = Release|Any CPU
		{C6CBA621-9746-42A5-ADC9-56F8C52E7B29}.Debug|Any CPU.ActiveCfg = Debug|Any CPU
		{C6CBA621-9746-42A5-ADC9-56F8C52E7B29}.Debug|Any CPU.Build.0 = Debug|Any CPU
		{C6CBA621-9746-42A5-ADC9-56F8C52E7B29}.Release|Any CPU.ActiveCfg = Release|Any CPU
		{C6CBA621-9746-42A5-ADC9-56F8C52E7B29}.Release|Any CPU.Build.0 = Release|Any CPU
		{F6850534-8158-4223-A308-216771E5B314}.Debug|Any CPU.ActiveCfg = Debug|Any CPU
		{F6850534-8158-4223-A308-216771E5B314}.Debug|Any CPU.Build.0 = Debug|Any CPU
		{F6850534-8158-4223-A308-216771E5B314}.Release|Any CPU.ActiveCfg = Release|Any CPU
		{F6850534-8158-4223-A308-216771E5B314}.Release|Any CPU.Build.0 = Release|Any CPU
		{3F520E7F-BC34-4A4E-BA06-FD2D051C03CD}.Debug|Any CPU.ActiveCfg = Debug|Any CPU
		{3F520E7F-BC34-4A4E-BA06-FD2D051C03CD}.Debug|Any CPU.Build.0 = Debug|Any CPU
		{3F520E7F-BC34-4A4E-BA06-FD2D051C03CD}.Release|Any CPU.ActiveCfg = Release|Any CPU
		{3F520E7F-BC34-4A4E-BA06-FD2D051C03CD}.Release|Any CPU.Build.0 = Release|Any CPU
		{B8681758-9A29-412F-A5A1-8FD4FB6A4AA4}.Debug|Any CPU.ActiveCfg = Debug|Any CPU
		{B8681758-9A29-412F-A5A1-8FD4FB6A4AA4}.Debug|Any CPU.Build.0 = Debug|Any CPU
		{B8681758-9A29-412F-A5A1-8FD4FB6A4AA4}.Release|Any CPU.ActiveCfg = Release|Any CPU
		{B8681758-9A29-412F-A5A1-8FD4FB6A4AA4}.Release|Any CPU.Build.0 = Release|Any CPU
		{04DCC8D9-8507-4239-8A00-1C040EF9813F}.Debug|Any CPU.ActiveCfg = Debug|Any CPU
		{04DCC8D9-8507-4239-8A00-1C040EF9813F}.Debug|Any CPU.Build.0 = Debug|Any CPU
		{04DCC8D9-8507-4239-8A00-1C040EF9813F}.Release|Any CPU.ActiveCfg = Release|Any CPU
		{04DCC8D9-8507-4239-8A00-1C040EF9813F}.Release|Any CPU.Build.0 = Release|Any CPU
	EndGlobalSection
	GlobalSection(SolutionProperties) = preSolution
		HideSolutionNode = FALSE
	EndGlobalSection
	GlobalSection(ExtensibilityGlobals) = postSolution
		SolutionGuid = {5B524BAD-6FA7-4261-BC98-7422F3D3E2A3}
	EndGlobalSection
EndGlobal
