
Microsoft Visual Studio Solution File, Format Version 12.00
# Visual Studio Version 17
VisualStudioVersion = 17.14.36221.1
MinimumVisualStudioVersion = 10.0.40219.1
Project("{2150E333-8FDC-42A3-9474-1A3956D46DE8}") = "src", "src", "{02EA681E-C7D8-13C7-8484-4AC65E1B71E8}"
EndProject
Project("{2150E333-8FDC-42A3-9474-1A3956D46DE8}") = "tests", "tests", "{E1ECC52D-B77F-426B-86E0-70B2C4B7C20C}"
EndProject
Project("{2150E333-8FDC-42A3-9474-1A3956D46DE8}") = "App", "App", "{250AE75D-9FD9-45A6-A5D2-FC09D5B555EC}"
EndProject
Project("{2150E333-8FDC-42A3-9474-1A3956D46DE8}") = "Common", "Common", "{3D581503-96C8-4FBA-A11C-394BFF3C26E2}"
EndProject
Project("{2150E333-8FDC-42A3-9474-1A3956D46DE8}") = "Modules", "Modules", "{65FF895A-0CB5-466C-842E-3876513E2ACA}"
EndProject
Project("{2150E333-8FDC-42A3-9474-1A3956D46DE8}") = "Client", "Client", "{75AC2326-486A-4C61-B892-207A78414ADA}"
EndProject
Project("{2150E333-8FDC-42A3-9474-1A3956D46DE8}") = "Admin", "Admin", "{04F69789-D9D8-42DD-8987-4E8BC094FC9C}"
EndProject
Project("{FAE04EC0-301F-11D3-BF4B-00C04F79EFBC}") = "Admin.Domain", "Admin.Domain\Admin.Domain.csproj", "{B07161C5-92C3-4736-A911-07424CDF3F64}"
EndProject
Project("{FAE04EC0-301F-11D3-BF4B-00C04F79EFBC}") = "Admin.Application", "Admin.Application\Admin.Application.csproj", "{0CFF4C8C-4D0B-45AF-9BAD-5E6EE715645D}"
EndProject
Project("{FAE04EC0-301F-11D3-BF4B-00C04F79EFBC}") = "Admin.Infrastructure", "Admin.Infrastructure\Admin.Infrastructure.csproj", "{BB85644F-CF17-45D8-BB60-5FDCE3895D9D}"
EndProject
Project("{FAE04EC0-301F-11D3-BF4B-00C04F79EFBC}") = "Admin.Api", "Admin.Api\Admin.Api.csproj", "{2EC40F9F-51C9-4E66-BEF5-6E4ADF981A97}"
EndProject
Project("{FAE04EC0-301F-11D3-BF4B-00C04F79EFBC}") = "Client.Api", "Client.Api\Client.Api.csproj", "{179851C2-5E08-442F-8388-1FE8A963CF0D}"
EndProject
Project("{FAE04EC0-301F-11D3-BF4B-00C04F79EFBC}") = "Client.Application", "Client.Application\Client.Application.csproj", "{5462DF12-ECB0-49AD-AE3A-921B5F9E0FE0}"
EndProject
Project("{FAE04EC0-301F-11D3-BF4B-00C04F79EFBC}") = "Client.Infrastructure", "Client.Infrastructure\Client.Infrastructure.csproj", "{D459A676-37F6-4754-BC92-AEFB5AF92154}"
EndProject
Project("{FAE04EC0-301F-11D3-BF4B-00C04F79EFBC}") = "Client.Domain", "Client.Domain\Client.Domain.csproj", "{47068DD0-B0EF-41AA-AD2F-F6B413138086}"
EndProject
Project("{FAE04EC0-301F-11D3-BF4B-00C04F79EFBC}") = "Common.RequestContext", "Common.RequestContext\Common.RequestContext.csproj", "{83A3B3A9-ED5B-42F9-ADF0-56954846F403}"
EndProject
Project("{FAE04EC0-301F-11D3-BF4B-00C04F79EFBC}") = "Common.RequestContext.Middleware", "Common.RequestContext.Middleware\Common.RequestContext.Middleware.csproj", "{306A073B-A6B5-4C7B-BF07-971F1B7B3703}"
EndProject
Project("{FAE04EC0-301F-11D3-BF4B-00C04F79EFBC}") = "Common.Logging.Middleware", "Common.Logging.Middleware\Common.Logging.Middleware.csproj", "{CC9930AB-95EE-4B1F-A960-4BCB8B86D0B9}"
EndProject
Project("{2150E333-8FDC-42A3-9474-1A3956D46DE8}") = "Logging", "Logging", "{9C2AD6BE-7301-4A16-97DC-2435958150C0}"
EndProject
Project("{2150E333-8FDC-42A3-9474-1A3956D46DE8}") = "RequestContext", "RequestContext", "{914431E4-A5D7-4D18-8A2A-90DBF04EE17E}"
EndProject
Project("{2150E333-8FDC-42A3-9474-1A3956D46DE8}") = "Extension", "Extension", "{65FE9769-AA6E-4DE1-9926-8B5ED1B6DB87}"
EndProject
Project("{FAE04EC0-301F-11D3-BF4B-00C04F79EFBC}") = "Common.Extension.Logging", "Common.Extension.Logging\Common.Extension.Logging.csproj", "{62BD123F-2868-49C9-9F0F-6FB04D3C01FF}"
EndProject
Project("{FAE04EC0-301F-11D3-BF4B-00C04F79EFBC}") = "Common.Extension.Json", "Common.Extension.Json\Common.Extension.Json.csproj", "{BB58C194-E4BC-4D02-84B2-FB0E6E55248C}"
EndProject
Project("{2150E333-8FDC-42A3-9474-1A3956D46DE8}") = "DomainException", "DomainException", "{DCEF12CF-7AB0-4420-BA9B-979738544A47}"
EndProject
Project("{FAE04EC0-301F-11D3-BF4B-00C04F79EFBC}") = "Common.DomainException", "Common.DomainException\Common.DomainException.csproj", "{F3D2E8F0-8420-411B-B78C-27634037FD1C}"
EndProject
Project("{FAE04EC0-301F-11D3-BF4B-00C04F79EFBC}") = "Common.DomainException.Middleware", "Common.DomainException.Middleware\Common.DomainException.Middleware.csproj", "{D28B6BCA-FB24-4378-B007-42E86C638E59}"
EndProject
Project("{2150E333-8FDC-42A3-9474-1A3956D46DE8}") = "Kernel", "Kernel", "{E4916F6E-55D5-4D4C-ACE3-D301FBFDEE85}"
EndProject
Project("{FAE04EC0-301F-11D3-BF4B-00C04F79EFBC}") = "Common.Kernel", "Common.Kernel\Common.Kernel.csproj", "{9714AC84-C760-4590-AA43-423AFE013129}"
EndProject
Project("{2150E333-8FDC-42A3-9474-1A3956D46DE8}") = "Domain", "Domain", "{4559645B-D94B-4317-98F0-BE4DC1EEEC70}"
EndProject
Project("{FAE04EC0-301F-11D3-BF4B-00C04F79EFBC}") = "Common.Domain", "Common.Domain\Common.Domain.csproj", "{90399065-AE62-4EF9-8CA2-B5EF9CD5A253}"
EndProject
Project("{2150E333-8FDC-42A3-9474-1A3956D46DE8}") = "Infrastructure", "Infrastructure", "{B2029657-4BC2-406E-9712-908A41B92516}"
EndProject
Project("{FAE04EC0-301F-11D3-BF4B-00C04F79EFBC}") = "Common.Infrastructure", "Common.Infrastructure\Common.Infrastructure.csproj", "{228FAC8D-F7AF-47CB-8ACD-B9B53B5D4E02}"
EndProject
Project("{2150E333-8FDC-42A3-9474-1A3956D46DE8}") = "Authen", "Authen", "{8437CBA4-7631-4715-990C-C109CC6F6A61}"
EndProject
Project("{FAE04EC0-301F-11D3-BF4B-00C04F79EFBC}") = "Authen.Domain", "Authen.Domain\Authen.Domain.csproj", "{0388E5A6-F795-4493-8043-8353546DCC5D}"
EndProject
Project("{FAE04EC0-301F-11D3-BF4B-00C04F79EFBC}") = "Authen.Application", "Authen.Application\Authen.Application.csproj", "{C26B3BB3-E1FF-42E0-BA9B-3CC447959324}"
EndProject
Project("{FAE04EC0-301F-11D3-BF4B-00C04F79EFBC}") = "Authen.Infrastructure", "Authen.Infrastructure\Authen.Infrastructure.csproj", "{BD6CF441-4EB9-4ACD-8D88-BEB24B42AE90}"
EndProject
Project("{FAE04EC0-301F-11D3-BF4B-00C04F79EFBC}") = "Authen.Api", "Authen.Api\Authen.Api.csproj", "{3CFD64CE-3CC4-4A44-A000-2CAFFA6B051C}"
EndProject
Project("{FAE04EC0-301F-11D3-BF4B-00C04F79EFBC}") = "Common.Domain.Authen", "Common.Domain.Authen\Common.Domain.Authen.csproj", "{370256EA-771B-43B4-8D1A-2D631C764A74}"
EndProject
Global
	GlobalSection(SolutionConfigurationPlatforms) = preSolution
		Debug|Any CPU = Debug|Any CPU
		Release|Any CPU = Release|Any CPU
	EndGlobalSection
	GlobalSection(ProjectConfigurationPlatforms) = postSolution
		{B07161C5-92C3-4736-A911-07424CDF3F64}.Debug|Any CPU.ActiveCfg = Debug|Any CPU
		{B07161C5-92C3-4736-A911-07424CDF3F64}.Debug|Any CPU.Build.0 = Debug|Any CPU
		{B07161C5-92C3-4736-A911-07424CDF3F64}.Release|Any CPU.ActiveCfg = Release|Any CPU
		{B07161C5-92C3-4736-A911-07424CDF3F64}.Release|Any CPU.Build.0 = Release|Any CPU
		{0CFF4C8C-4D0B-45AF-9BAD-5E6EE715645D}.Debug|Any CPU.ActiveCfg = Debug|Any CPU
		{0CFF4C8C-4D0B-45AF-9BAD-5E6EE715645D}.Debug|Any CPU.Build.0 = Debug|Any CPU
		{0CFF4C8C-4D0B-45AF-9BAD-5E6EE715645D}.Release|Any CPU.ActiveCfg = Release|Any CPU
		{0CFF4C8C-4D0B-45AF-9BAD-5E6EE715645D}.Release|Any CPU.Build.0 = Release|Any CPU
		{BB85644F-CF17-45D8-BB60-5FDCE3895D9D}.Debug|Any CPU.ActiveCfg = Debug|Any CPU
		{BB85644F-CF17-45D8-BB60-5FDCE3895D9D}.Debug|Any CPU.Build.0 = Debug|Any CPU
		{BB85644F-CF17-45D8-BB60-5FDCE3895D9D}.Release|Any CPU.ActiveCfg = Release|Any CPU
		{BB85644F-CF17-45D8-BB60-5FDCE3895D9D}.Release|Any CPU.Build.0 = Release|Any CPU
		{2EC40F9F-51C9-4E66-BEF5-6E4ADF981A97}.Debug|Any CPU.ActiveCfg = Debug|Any CPU
		{2EC40F9F-51C9-4E66-BEF5-6E4ADF981A97}.Debug|Any CPU.Build.0 = Debug|Any CPU
		{2EC40F9F-51C9-4E66-BEF5-6E4ADF981A97}.Release|Any CPU.ActiveCfg = Release|Any CPU
		{2EC40F9F-51C9-4E66-BEF5-6E4ADF981A97}.Release|Any CPU.Build.0 = Release|Any CPU
		{179851C2-5E08-442F-8388-1FE8A963CF0D}.Debug|Any CPU.ActiveCfg = Debug|Any CPU
		{179851C2-5E08-442F-8388-1FE8A963CF0D}.Debug|Any CPU.Build.0 = Debug|Any CPU
		{179851C2-5E08-442F-8388-1FE8A963CF0D}.Release|Any CPU.ActiveCfg = Release|Any CPU
		{179851C2-5E08-442F-8388-1FE8A963CF0D}.Release|Any CPU.Build.0 = Release|Any CPU
		{5462DF12-ECB0-49AD-AE3A-921B5F9E0FE0}.Debug|Any CPU.ActiveCfg = Debug|Any CPU
		{5462DF12-ECB0-49AD-AE3A-921B5F9E0FE0}.Debug|Any CPU.Build.0 = Debug|Any CPU
		{5462DF12-ECB0-49AD-AE3A-921B5F9E0FE0}.Release|Any CPU.ActiveCfg = Release|Any CPU
		{5462DF12-ECB0-49AD-AE3A-921B5F9E0FE0}.Release|Any CPU.Build.0 = Release|Any CPU
		{D459A676-37F6-4754-BC92-AEFB5AF92154}.Debug|Any CPU.ActiveCfg = Debug|Any CPU
		{D459A676-37F6-4754-BC92-AEFB5AF92154}.Debug|Any CPU.Build.0 = Debug|Any CPU
		{D459A676-37F6-4754-BC92-AEFB5AF92154}.Release|Any CPU.ActiveCfg = Release|Any CPU
		{D459A676-37F6-4754-BC92-AEFB5AF92154}.Release|Any CPU.Build.0 = Release|Any CPU
		{47068DD0-B0EF-41AA-AD2F-F6B413138086}.Debug|Any CPU.ActiveCfg = Debug|Any CPU
		{47068DD0-B0EF-41AA-AD2F-F6B413138086}.Debug|Any CPU.Build.0 = Debug|Any CPU
		{47068DD0-B0EF-41AA-AD2F-F6B413138086}.Release|Any CPU.ActiveCfg = Release|Any CPU
		{47068DD0-B0EF-41AA-AD2F-F6B413138086}.Release|Any CPU.Build.0 = Release|Any CPU
		{83A3B3A9-ED5B-42F9-ADF0-56954846F403}.Debug|Any CPU.ActiveCfg = Debug|Any CPU
		{83A3B3A9-ED5B-42F9-ADF0-56954846F403}.Debug|Any CPU.Build.0 = Debug|Any CPU
		{83A3B3A9-ED5B-42F9-ADF0-56954846F403}.Release|Any CPU.ActiveCfg = Release|Any CPU
		{83A3B3A9-ED5B-42F9-ADF0-56954846F403}.Release|Any CPU.Build.0 = Release|Any CPU
		{306A073B-A6B5-4C7B-BF07-971F1B7B3703}.Debug|Any CPU.ActiveCfg = Debug|Any CPU
		{306A073B-A6B5-4C7B-BF07-971F1B7B3703}.Debug|Any CPU.Build.0 = Debug|Any CPU
		{306A073B-A6B5-4C7B-BF07-971F1B7B3703}.Release|Any CPU.ActiveCfg = Release|Any CPU
		{306A073B-A6B5-4C7B-BF07-971F1B7B3703}.Release|Any CPU.Build.0 = Release|Any CPU
		{CC9930AB-95EE-4B1F-A960-4BCB8B86D0B9}.Debug|Any CPU.ActiveCfg = Debug|Any CPU
		{CC9930AB-95EE-4B1F-A960-4BCB8B86D0B9}.Debug|Any CPU.Build.0 = Debug|Any CPU
		{CC9930AB-95EE-4B1F-A960-4BCB8B86D0B9}.Release|Any CPU.ActiveCfg = Release|Any CPU
		{CC9930AB-95EE-4B1F-A960-4BCB8B86D0B9}.Release|Any CPU.Build.0 = Release|Any CPU
		{62BD123F-2868-49C9-9F0F-6FB04D3C01FF}.Debug|Any CPU.ActiveCfg = Debug|Any CPU
		{62BD123F-2868-49C9-9F0F-6FB04D3C01FF}.Debug|Any CPU.Build.0 = Debug|Any CPU
		{62BD123F-2868-49C9-9F0F-6FB04D3C01FF}.Release|Any CPU.ActiveCfg = Release|Any CPU
		{62BD123F-2868-49C9-9F0F-6FB04D3C01FF}.Release|Any CPU.Build.0 = Release|Any CPU
		{BB58C194-E4BC-4D02-84B2-FB0E6E55248C}.Debug|Any CPU.ActiveCfg = Debug|Any CPU
		{BB58C194-E4BC-4D02-84B2-FB0E6E55248C}.Debug|Any CPU.Build.0 = Debug|Any CPU
		{BB58C194-E4BC-4D02-84B2-FB0E6E55248C}.Release|Any CPU.ActiveCfg = Release|Any CPU
		{BB58C194-E4BC-4D02-84B2-FB0E6E55248C}.Release|Any CPU.Build.0 = Release|Any CPU
		{F3D2E8F0-8420-411B-B78C-27634037FD1C}.Debug|Any CPU.ActiveCfg = Debug|Any CPU
		{F3D2E8F0-8420-411B-B78C-27634037FD1C}.Debug|Any CPU.Build.0 = Debug|Any CPU
		{F3D2E8F0-8420-411B-B78C-27634037FD1C}.Release|Any CPU.ActiveCfg = Release|Any CPU
		{F3D2E8F0-8420-411B-B78C-27634037FD1C}.Release|Any CPU.Build.0 = Release|Any CPU
		{D28B6BCA-FB24-4378-B007-42E86C638E59}.Debug|Any CPU.ActiveCfg = Debug|Any CPU
		{D28B6BCA-FB24-4378-B007-42E86C638E59}.Debug|Any CPU.Build.0 = Debug|Any CPU
		{D28B6BCA-FB24-4378-B007-42E86C638E59}.Release|Any CPU.ActiveCfg = Release|Any CPU
		{D28B6BCA-FB24-4378-B007-42E86C638E59}.Release|Any CPU.Build.0 = Release|Any CPU
		{9714AC84-C760-4590-AA43-423AFE013129}.Debug|Any CPU.ActiveCfg = Debug|Any CPU
		{9714AC84-C760-4590-AA43-423AFE013129}.Debug|Any CPU.Build.0 = Debug|Any CPU
		{9714AC84-C760-4590-AA43-423AFE013129}.Release|Any CPU.ActiveCfg = Release|Any CPU
		{9714AC84-C760-4590-AA43-423AFE013129}.Release|Any CPU.Build.0 = Release|Any CPU
		{90399065-AE62-4EF9-8CA2-B5EF9CD5A253}.Debug|Any CPU.ActiveCfg = Debug|Any CPU
		{90399065-AE62-4EF9-8CA2-B5EF9CD5A253}.Debug|Any CPU.Build.0 = Debug|Any CPU
		{90399065-AE62-4EF9-8CA2-B5EF9CD5A253}.Release|Any CPU.ActiveCfg = Release|Any CPU
		{90399065-AE62-4EF9-8CA2-B5EF9CD5A253}.Release|Any CPU.Build.0 = Release|Any CPU
		{228FAC8D-F7AF-47CB-8ACD-B9B53B5D4E02}.Debug|Any CPU.ActiveCfg = Debug|Any CPU
		{228FAC8D-F7AF-47CB-8ACD-B9B53B5D4E02}.Debug|Any CPU.Build.0 = Debug|Any CPU
		{228FAC8D-F7AF-47CB-8ACD-B9B53B5D4E02}.Release|Any CPU.ActiveCfg = Release|Any CPU
		{228FAC8D-F7AF-47CB-8ACD-B9B53B5D4E02}.Release|Any CPU.Build.0 = Release|Any CPU
		{0388E5A6-F795-4493-8043-8353546DCC5D}.Debug|Any CPU.ActiveCfg = Debug|Any CPU
		{0388E5A6-F795-4493-8043-8353546DCC5D}.Debug|Any CPU.Build.0 = Debug|Any CPU
		{0388E5A6-F795-4493-8043-8353546DCC5D}.Release|Any CPU.ActiveCfg = Release|Any CPU
		{0388E5A6-F795-4493-8043-8353546DCC5D}.Release|Any CPU.Build.0 = Release|Any CPU
		{C26B3BB3-E1FF-42E0-BA9B-3CC447959324}.Debug|Any CPU.ActiveCfg = Debug|Any CPU
		{C26B3BB3-E1FF-42E0-BA9B-3CC447959324}.Debug|Any CPU.Build.0 = Debug|Any CPU
		{C26B3BB3-E1FF-42E0-BA9B-3CC447959324}.Release|Any CPU.ActiveCfg = Release|Any CPU
		{C26B3BB3-E1FF-42E0-BA9B-3CC447959324}.Release|Any CPU.Build.0 = Release|Any CPU
		{BD6CF441-4EB9-4ACD-8D88-BEB24B42AE90}.Debug|Any CPU.ActiveCfg = Debug|Any CPU
		{BD6CF441-4EB9-4ACD-8D88-BEB24B42AE90}.Debug|Any CPU.Build.0 = Debug|Any CPU
		{BD6CF441-4EB9-4ACD-8D88-BEB24B42AE90}.Release|Any CPU.ActiveCfg = Release|Any CPU
		{BD6CF441-4EB9-4ACD-8D88-BEB24B42AE90}.Release|Any CPU.Build.0 = Release|Any CPU
		{3CFD64CE-3CC4-4A44-A000-2CAFFA6B051C}.Debug|Any CPU.ActiveCfg = Debug|Any CPU
		{3CFD64CE-3CC4-4A44-A000-2CAFFA6B051C}.Debug|Any CPU.Build.0 = Debug|Any CPU
		{3CFD64CE-3CC4-4A44-A000-2CAFFA6B051C}.Release|Any CPU.ActiveCfg = Release|Any CPU
		{3CFD64CE-3CC4-4A44-A000-2CAFFA6B051C}.Release|Any CPU.Build.0 = Release|Any CPU
		{370256EA-771B-43B4-8D1A-2D631C764A74}.Debug|Any CPU.ActiveCfg = Debug|Any CPU
		{370256EA-771B-43B4-8D1A-2D631C764A74}.Debug|Any CPU.Build.0 = Debug|Any CPU
		{370256EA-771B-43B4-8D1A-2D631C764A74}.Release|Any CPU.ActiveCfg = Release|Any CPU
		{370256EA-771B-43B4-8D1A-2D631C764A74}.Release|Any CPU.Build.0 = Release|Any CPU
	EndGlobalSection
	GlobalSection(SolutionProperties) = preSolution
		HideSolutionNode = FALSE
	EndGlobalSection
	GlobalSection(NestedProjects) = preSolution
		{250AE75D-9FD9-45A6-A5D2-FC09D5B555EC} = {02EA681E-C7D8-13C7-8484-4AC65E1B71E8}
		{3D581503-96C8-4FBA-A11C-394BFF3C26E2} = {02EA681E-C7D8-13C7-8484-4AC65E1B71E8}
		{65FF895A-0CB5-466C-842E-3876513E2ACA} = {02EA681E-C7D8-13C7-8484-4AC65E1B71E8}
		{75AC2326-486A-4C61-B892-207A78414ADA} = {65FF895A-0CB5-466C-842E-3876513E2ACA}
		{04F69789-D9D8-42DD-8987-4E8BC094FC9C} = {65FF895A-0CB5-466C-842E-3876513E2ACA}
		{B07161C5-92C3-4736-A911-07424CDF3F64} = {04F69789-D9D8-42DD-8987-4E8BC094FC9C}
		{0CFF4C8C-4D0B-45AF-9BAD-5E6EE715645D} = {04F69789-D9D8-42DD-8987-4E8BC094FC9C}
		{BB85644F-CF17-45D8-BB60-5FDCE3895D9D} = {04F69789-D9D8-42DD-8987-4E8BC094FC9C}
		{2EC40F9F-51C9-4E66-BEF5-6E4ADF981A97} = {04F69789-D9D8-42DD-8987-4E8BC094FC9C}
		{179851C2-5E08-442F-8388-1FE8A963CF0D} = {75AC2326-486A-4C61-B892-207A78414ADA}
		{5462DF12-ECB0-49AD-AE3A-921B5F9E0FE0} = {75AC2326-486A-4C61-B892-207A78414ADA}
		{D459A676-37F6-4754-BC92-AEFB5AF92154} = {75AC2326-486A-4C61-B892-207A78414ADA}
		{47068DD0-B0EF-41AA-AD2F-F6B413138086} = {75AC2326-486A-4C61-B892-207A78414ADA}
		{83A3B3A9-ED5B-42F9-ADF0-56954846F403} = {914431E4-A5D7-4D18-8A2A-90DBF04EE17E}
		{306A073B-A6B5-4C7B-BF07-971F1B7B3703} = {914431E4-A5D7-4D18-8A2A-90DBF04EE17E}
		{CC9930AB-95EE-4B1F-A960-4BCB8B86D0B9} = {9C2AD6BE-7301-4A16-97DC-2435958150C0}
		{9C2AD6BE-7301-4A16-97DC-2435958150C0} = {3D581503-96C8-4FBA-A11C-394BFF3C26E2}
		{914431E4-A5D7-4D18-8A2A-90DBF04EE17E} = {3D581503-96C8-4FBA-A11C-394BFF3C26E2}
		{65FE9769-AA6E-4DE1-9926-8B5ED1B6DB87} = {3D581503-96C8-4FBA-A11C-394BFF3C26E2}
		{62BD123F-2868-49C9-9F0F-6FB04D3C01FF} = {65FE9769-AA6E-4DE1-9926-8B5ED1B6DB87}
		{BB58C194-E4BC-4D02-84B2-FB0E6E55248C} = {65FE9769-AA6E-4DE1-9926-8B5ED1B6DB87}
		{DCEF12CF-7AB0-4420-BA9B-979738544A47} = {3D581503-96C8-4FBA-A11C-394BFF3C26E2}
		{F3D2E8F0-8420-411B-B78C-27634037FD1C} = {DCEF12CF-7AB0-4420-BA9B-979738544A47}
		{D28B6BCA-FB24-4378-B007-42E86C638E59} = {DCEF12CF-7AB0-4420-BA9B-979738544A47}
		{E4916F6E-55D5-4D4C-ACE3-D301FBFDEE85} = {3D581503-96C8-4FBA-A11C-394BFF3C26E2}
		{9714AC84-C760-4590-AA43-423AFE013129} = {E4916F6E-55D5-4D4C-ACE3-D301FBFDEE85}
		{4559645B-D94B-4317-98F0-BE4DC1EEEC70} = {3D581503-96C8-4FBA-A11C-394BFF3C26E2}
		{90399065-AE62-4EF9-8CA2-B5EF9CD5A253} = {4559645B-D94B-4317-98F0-BE4DC1EEEC70}
		{B2029657-4BC2-406E-9712-908A41B92516} = {3D581503-96C8-4FBA-A11C-394BFF3C26E2}
		{228FAC8D-F7AF-47CB-8ACD-B9B53B5D4E02} = {B2029657-4BC2-406E-9712-908A41B92516}
		{8437CBA4-7631-4715-990C-C109CC6F6A61} = {65FF895A-0CB5-466C-842E-3876513E2ACA}
		{0388E5A6-F795-4493-8043-8353546DCC5D} = {8437CBA4-7631-4715-990C-C109CC6F6A61}
		{C26B3BB3-E1FF-42E0-BA9B-3CC447959324} = {8437CBA4-7631-4715-990C-C109CC6F6A61}
		{BD6CF441-4EB9-4ACD-8D88-BEB24B42AE90} = {8437CBA4-7631-4715-990C-C109CC6F6A61}
		{3CFD64CE-3CC4-4A44-A000-2CAFFA6B051C} = {8437CBA4-7631-4715-990C-C109CC6F6A61}
		{370256EA-771B-43B4-8D1A-2D631C764A74} = {4559645B-D94B-4317-98F0-BE4DC1EEEC70}
	EndGlobalSection
	GlobalSection(ExtensibilityGlobals) = postSolution
		SolutionGuid = {38DBB258-A888-46B9-A8EB-CEC7B2D25BBB}
	EndGlobalSection
EndGlobal
